# @generated - this file is auto-generated by `mise lock` https://mise.en.dev/dev-tools/mise-lock.html

[[tools.node]]
version = "25.8.2"
backend = "core:node"

[tools.node."platforms.linux-arm64"]
checksum = "sha256:2f823ecd4f9331d6492fedbe50c5a610be3084521f3a5af146875e00a52f2e63"
url = "https://nodejs.org/dist/v25.8.2/node-v25.8.2-linux-arm64.tar.gz"

[tools.node."platforms.linux-arm64-musl"]
checksum = "sha256:85e664a4255ef92bd4500aa623947940d411680978f3834f516f5a3ac58829e7"
url = "https://unofficial-builds.nodejs.org/download/release/v25.8.2/node-v25.8.2-linux-arm64-musl.tar.gz"

[tools.node."platforms.linux-x64"]
checksum = "sha256:e06c7069012d40914c57b31157c69d4ce83ea1fe9d63bbb7d26e0509a4535d21"
url = "https://nodejs.org/dist/v25.8.2/node-v25.8.2-linux-x64.tar.gz"

[tools.node."platforms.linux-x64-musl"]
checksum = "sha256:1b996c3445740308254821672a088e84e3c7e2a054af7d5848686f6a42fc8842"
url = "https://unofficial-builds.nodejs.org/download/release/v25.8.2/node-v25.8.2-linux-x64-musl.tar.gz"

[tools.node."platforms.macos-arm64"]
checksum = "sha256:fb8dabfda3232ef90d992e6439824fc3237356c04d182f3fa883bebeef31e871"
url = "https://nodejs.org/dist/v25.8.2/node-v25.8.2-darwin-arm64.tar.gz"

[tools.node."platforms.macos-x64"]
checksum = "sha256:530ffb419789f843215375a65b8fcf4cf010735e99276f512a241a31ba8e5e13"
url = "https://nodejs.org/dist/v25.8.2/node-v25.8.2-darwin-x64.tar.gz"

[tools.node."platforms.windows-x64"]
checksum = "sha256:51815d5b0256b947d27d614de04060fcfdbdb830d2c86e63e6f33dbf7964cca7"
url = "https://nodejs.org/dist/v25.8.2/node-v25.8.2-win-x64.zip"
